
Microsoft Visual Studio Solution File, Format Version 12.00
# Visual Studio Version 16
VisualStudioVersion = 16.0.30517.126
MinimumVisualStudioVersion = 10.0.40219.1
Project("{9A19103F-16F7-4668-BE54-9A1E7A4F7556}") = "Coop", "Coop.csproj", "{1C14B774-154C-4A82-A0AE-80DEBB6707C6}"
EndProject
Project("{9A19103F-16F7-4668-BE54-9A1E7A4F7556}") = "Coop.Data", "..\Coop.Data\Coop.Data.csproj", "{559C0006-C99F-43CF-B915-BD3D26CB8AF1}"
EndProject
Project("{FAE04EC0-301F-11D3-BF4B-00C04F79EFBC}") = "Coop.Helper", "..\Coop.Helper\Coop.Helper.csproj", "{71213F63-F128-43EC-A387-5A5D7BEE6EB5}"
EndProject
Global
	GlobalSection(SolutionConfigurationPlatforms) = preSolution
		Debug|Any CPU = Debug|Any CPU
		Release|Any CPU = Release|Any CPU
	EndGlobalSection
	GlobalSection(ProjectConfigurationPlatforms) = postSolution
		{1C14B774-154C-4A82-A0AE-80DEBB6707C6}.Debug|Any CPU.ActiveCfg = Debug|Any CPU
		{1C14B774-154C-4A82-A0AE-80DEBB6707C6}.Debug|Any CPU.Build.0 = Debug|Any CPU
		{1C14B774-154C-4A82-A0AE-80DEBB6707C6}.Release|Any CPU.ActiveCfg = Release|Any CPU
		{1C14B774-154C-4A82-A0AE-80DEBB6707C6}.Release|Any CPU.Build.0 = Release|Any CPU
		{559C0006-C99F-43CF-B915-BD3D26CB8AF1}.Debug|Any CPU.ActiveCfg = Debug|Any CPU
		{559C0006-C99F-43CF-B915-BD3D26CB8AF1}.Debug|Any CPU.Build.0 = Debug|Any CPU
		{559C0006-C99F-43CF-B915-BD3D26CB8AF1}.Release|Any CPU.ActiveCfg = Release|Any CPU
		{559C0006-C99F-43CF-B915-BD3D26CB8AF1}.Release|Any CPU.Build.0 = Release|Any CPU
		{71213F63-F128-43EC-A387-5A5D7BEE6EB5}.Debug|Any CPU.ActiveCfg = Debug|Any CPU
		{71213F63-F128-43EC-A387-5A5D7BEE6EB5}.Debug|Any CPU.Build.0 = Debug|Any CPU
		{71213F63-F128-43EC-A387-5A5D7BEE6EB5}.Release|Any CPU.ActiveCfg = Release|Any CPU
		{71213F63-F128-43EC-A387-5A5D7BEE6EB5}.Release|Any CPU.Build.0 = Release|Any CPU
	EndGlobalSection
	GlobalSection(SolutionProperties) = preSolution
		HideSolutionNode = FALSE
	EndGlobalSection
	GlobalSection(ExtensibilityGlobals) = postSolution
		SolutionGuid = {0839D258-5031-4237-9716-A0ECB03E6AAF}
	EndGlobalSection
EndGlobal
